
Microsoft Visual Studio Solution File, Format Version 12.00
# Visual Studio Version 16
VisualStudioVersion = 16.0.30413.136
MinimumVisualStudioVersion = 10.0.40219.1
Project("{FAE04EC0-301F-11D3-BF4B-00C04F79EFBC}") = "test2.Android", "test2\test2.Android\test2.Android.csproj", "{EF1DC2F7-5B19-4EB0-B4A9-F1F72204A841}"
EndProject
Project("{FAE04EC0-301F-11D3-BF4B-00C04F79EFBC}") = "test2.iOS", "test2\test2.iOS\test2.iOS.csproj", "{B94C5F53-B51B-4BB2-AF38-A9F6E20AD958}"
EndProject
Project("{FAE04EC0-301F-11D3-BF4B-00C04F79EFBC}") = "test2", "test2\test2\test2.csproj", "{B3CC2432-C1DA-431F-9D1A-13430163BD31}"
EndProject
Global
	GlobalSection(SolutionConfigurationPlatforms) = preSolution
		Debug|Any CPU = Debug|Any CPU
		Debug|iPhone = Debug|iPhone
		Debug|iPhoneSimulator = Debug|iPhoneSimulator
		Release|Any CPU = Release|Any CPU
		Release|iPhone = Release|iPhone
		Release|iPhoneSimulator = Release|iPhoneSimulator
	EndGlobalSection
	GlobalSection(ProjectConfigurationPlatforms) = postSolution
		{EF1DC2F7-5B19-4EB0-B4A9-F1F72204A841}.Debug|Any CPU.ActiveCfg = Debug|Any CPU
		{EF1DC2F7-5B19-4EB0-B4A9-F1F72204A841}.Debug|Any CPU.Build.0 = Debug|Any CPU
		{EF1DC2F7-5B19-4EB0-B4A9-F1F72204A841}.Debug|Any CPU.Deploy.0 = Debug|Any CPU
		{EF1DC2F7-5B19-4EB0-B4A9-F1F72204A841}.Debug|iPhone.ActiveCfg = Debug|Any CPU
		{EF1DC2F7-5B19-4EB0-B4A9-F1F72204A841}.Debug|iPhone.Build.0 = Debug|Any CPU
		{EF1DC2F7-5B19-4EB0-B4A9-F1F72204A841}.Debug|iPhone.Deploy.0 = Debug|Any CPU
		{EF1DC2F7-5B19-4EB0-B4A9-F1F72204A841}.Debug|iPhoneSimulator.ActiveCfg = Debug|Any CPU
		{EF1DC2F7-5B19-4EB0-B4A9-F1F72204A841}.Debug|iPhoneSimulator.Build.0 = Debug|Any CPU
		{EF1DC2F7-5B19-4EB0-B4A9-F1F72204A841}.Debug|iPhoneSimulator.Deploy.0 = Debug|Any CPU
		{EF1DC2F7-5B19-4EB0-B4A9-F1F72204A841}.Release|Any CPU.ActiveCfg = Release|Any CPU
		{EF1DC2F7-5B19-4EB0-B4A9-F1F72204A841}.Release|Any CPU.Build.0 = Release|Any CPU
		{EF1DC2F7-5B19-4EB0-B4A9-F1F72204A841}.Release|Any CPU.Deploy.0 = Release|Any CPU
		{EF1DC2F7-5B19-4EB0-B4A9-F1F72204A841}.Release|iPhone.ActiveCfg = Release|Any CPU
		{EF1DC2F7-5B19-4EB0-B4A9-F1F72204A841}.Release|iPhone.Build.0 = Release|Any CPU
		{EF1DC2F7-5B19-4EB0-B4A9-F1F72204A841}.Release|iPhone.Deploy.0 = Release|Any CPU
		{EF1DC2F7-5B19-4EB0-B4A9-F1F72204A841}.Release|iPhoneSimulator.ActiveCfg = Release|Any CPU
		{EF1DC2F7-5B19-4EB0-B4A9-F1F72204A841}.Release|iPhoneSimulator.Build.0 = Release|Any CPU
		{EF1DC2F7-5B19-4EB0-B4A9-F1F72204A841}.Release|iPhoneSimulator.Deploy.0 = Release|Any CPU
		{B94C5F53-B51B-4BB2-AF38-A9F6E20AD958}.Debug|Any CPU.ActiveCfg = Debug|iPhone
		{B94C5F53-B51B-4BB2-AF38-A9F6E20AD958}.Debug|Any CPU.Build.0 = Debug|iPhone
		{B94C5F53-B51B-4BB2-AF38-A9F6E20AD958}.Debug|Any CPU.Deploy.0 = Debug|iPhone
		{B94C5F53-B51B-4BB2-AF38-A9F6E20AD958}.Debug|iPhone.ActiveCfg = Debug|iPhone
		{B94C5F53-B51B-4BB2-AF38-A9F6E20AD958}.Debug|iPhone.Build.0 = Debug|iPhone
		{B94C5F53-B51B-4BB2-AF38-A9F6E20AD958}.Debug|iPhone.Deploy.0 = Debug|iPhone
		{B94C5F53-B51B-4BB2-AF38-A9F6E20AD958}.Debug|iPhoneSimulator.ActiveCfg = Debug|iPhoneSimulator
		{B94C5F53-B51B-4BB2-AF38-A9F6E20AD958}.Debug|iPhoneSimulator.Build.0 = Debug|iPhoneSimulator
		{B94C5F53-B51B-4BB2-AF38-A9F6E20AD958}.Debug|iPhoneSimulator.Deploy.0 = Debug|iPhoneSimulator
		{B94C5F53-B51B-4BB2-AF38-A9F6E20AD958}.Release|Any CPU.ActiveCfg = Release|iPhone
		{B94C5F53-B51B-4BB2-AF38-A9F6E20AD958}.Release|Any CPU.Build.0 = Release|iPhone
		{B94C5F53-B51B-4BB2-AF38-A9F6E20AD958}.Release|Any CPU.Deploy.0 = Release|iPhone
		{B94C5F53-B51B-4BB2-AF38-A9F6E20AD958}.Release|iPhone.ActiveCfg = Release|iPhone
		{B94C5F53-B51B-4BB2-AF38-A9F6E20AD958}.Release|iPhone.Build.0 = Release|iPhone
		{B94C5F53-B51B-4BB2-AF38-A9F6E20AD958}.Release|iPhone.Deploy.0 = Release|iPhone
		{B94C5F53-B51B-4BB2-AF38-A9F6E20AD958}.Release|iPhoneSimulator.ActiveCfg = Release|iPhoneSimulator
		{B94C5F53-B51B-4BB2-AF38-A9F6E20AD958}.Release|iPhoneSimulator.Build.0 = Release|iPhoneSimulator
		{B94C5F53-B51B-4BB2-AF38-A9F6E20AD958}.Release|iPhoneSimulator.Deploy.0 = Release|iPhoneSimulator
		{B3CC2432-C1DA-431F-9D1A-13430163BD31}.Debug|Any CPU.ActiveCfg = Debug|Any CPU
		{B3CC2432-C1DA-431F-9D1A-13430163BD31}.Debug|Any CPU.Build.0 = Debug|Any CPU
		{B3CC2432-C1DA-431F-9D1A-13430163BD31}.Debug|Any CPU.Deploy.0 = Debug|Any CPU
		{B3CC2432-C1DA-431F-9D1A-13430163BD31}.Debug|iPhone.ActiveCfg = Debug|Any CPU
		{B3CC2432-C1DA-431F-9D1A-13430163BD31}.Debug|iPhone.Build.0 = Debug|Any CPU
		{B3CC2432-C1DA-431F-9D1A-13430163BD31}.Debug|iPhone.Deploy.0 = Debug|Any CPU
		{B3CC2432-C1DA-431F-9D1A-13430163BD31}.Debug|iPhoneSimulator.ActiveCfg = Debug|Any CPU
		{B3CC2432-C1DA-431F-9D1A-13430163BD31}.Debug|iPhoneSimulator.Build.0 = Debug|Any CPU
		{B3CC2432-C1DA-431F-9D1A-13430163BD31}.Debug|iPhoneSimulator.Deploy.0 = Debug|Any CPU
		{B3CC2432-C1DA-431F-9D1A-13430163BD31}.Release|Any CPU.ActiveCfg = Release|Any CPU
		{B3CC2432-C1DA-431F-9D1A-13430163BD31}.Release|Any CPU.Build.0 = Release|Any CPU
		{B3CC2432-C1DA-431F-9D1A-13430163BD31}.Release|Any CPU.Deploy.0 = Release|Any CPU
		{B3CC2432-C1DA-431F-9D1A-13430163BD31}.Release|iPhone.ActiveCfg = Release|Any CPU
		{B3CC2432-C1DA-431F-9D1A-13430163BD31}.Release|iPhone.Build.0 = Release|Any CPU
		{B3CC2432-C1DA-431F-9D1A-13430163BD31}.Release|iPhone.Deploy.0 = Release|Any CPU
		{B3CC2432-C1DA-431F-9D1A-13430163BD31}.Release|iPhoneSimulator.ActiveCfg = Release|Any CPU
		{B3CC2432-C1DA-431F-9D1A-13430163BD31}.Release|iPhoneSimulator.Build.0 = Release|Any CPU
		{B3CC2432-C1DA-431F-9D1A-13430163BD31}.Release|iPhoneSimulator.Deploy.0 = Release|Any CPU
	EndGlobalSection
	GlobalSection(SolutionProperties) = preSolution
		HideSolutionNode = FALSE
	EndGlobalSection
	GlobalSection(ExtensibilityGlobals) = postSolution
		SolutionGuid = {F9A93631-FC20-49E1-B4A4-7DD3055DE152}
	EndGlobalSection
EndGlobal
